{
  "requires": true,
  "lockfileVersion": 1,
  "dependencies": {
    "nanoid": {
      "version": "3.3.2",
      "resolved": "https://registry.npmjs.org/nanoid/-/nanoid-3.3.2.tgz",
      "integrity": "sha512-CuHBogktKwpm5g2sRgv83jEy2ijFzBwMoYA60orPDR7ynsLijJDqgsi4RDGj3OJpy3Ieb+LYwiRmIOGyytgITA=="
    }
  }
}
